
Microsoft Visual Studio Solution File, Format Version 12.00
# Visual Studio Version 16
VisualStudioVersion = 16.0.28729.10
MinimumVisualStudioVersion = 10.0.40219.1
Project("{FAE04EC0-301F-11D3-BF4B-00C04F79EFBC}") = "Proyecto", "a\Proyecto.csproj", "{5EA8DFAC-26EC-45CF-A474-FED33C9300D9}"
EndProject
Global
	GlobalSection(SolutionConfigurationPlatforms) = preSolution
		Debug|Any CPU = Debug|Any CPU
		Release|Any CPU = Release|Any CPU
	EndGlobalSection
	GlobalSection(ProjectConfigurationPlatforms) = postSolution
		{5EA8DFAC-26EC-45CF-A474-FED33C9300D9}.Debug|Any CPU.ActiveCfg = Debug|Any CPU
		{5EA8DFAC-26EC-45CF-A474-FED33C9300D9}.Debug|Any CPU.Build.0 = Debug|Any CPU
		{5EA8DFAC-26EC-45CF-A474-FED33C9300D9}.Release|Any CPU.ActiveCfg = Release|Any CPU
		{5EA8DFAC-26EC-45CF-A474-FED33C9300D9}.Release|Any CPU.Build.0 = Release|Any CPU
	EndGlobalSection
	GlobalSection(SolutionProperties) = preSolution
		HideSolutionNode = FALSE
	EndGlobalSection
	GlobalSection(ExtensibilityGlobals) = postSolution
		SolutionGuid = {FB03ABE3-1941-488D-BA9D-6F65229BB03C}
	EndGlobalSection
EndGlobal
